// !$*UTF8*$!
{
	archiveVersion = 1;
	classes = {
	};
	objectVersion = 55;
	objects = {

/* Begin PBXBuildFile section */
		C03192B627F3369800DAD69C /* TwitterCloneApp.swift in Sources */ = {isa = PBXBuildFile; fileRef = C03192B527F3369800DAD69C /* TwitterCloneApp.swift */; };
		C03192B827F3369800DAD69C /* ContentView.swift in Sources */ = {isa = PBXBuildFile; fileRef = C03192B727F3369800DAD69C /* ContentView.swift */; };
		C03192BA27F3369A00DAD69C /* Assets.xcassets in Resources */ = {isa = PBXBuildFile; fileRef = C03192B927F3369A00DAD69C /* Assets.xcassets */; };
		C03192BD27F3369A00DAD69C /* Preview Assets.xcassets in Resources */ = {isa = PBXBuildFile; fileRef = C03192BC27F3369A00DAD69C /* Preview Assets.xcassets */; };
		C03192CF27F337E200DAD69C /* FeedView.swift in Sources */ = {isa = PBXBuildFile; fileRef = C03192CE27F337E200DAD69C /* FeedView.swift */; };
		C03192D227F3395700DAD69C /* TweetRowView.swift in Sources */ = {isa = PBXBuildFile; fileRef = C03192D127F3395700DAD69C /* TweetRowView.swift */; };
		C03192D527F3623100DAD69C /* MainTabView.swift in Sources */ = {isa = PBXBuildFile; fileRef = C03192D427F3623100DAD69C /* MainTabView.swift */; };
		C03192DC27F3638500DAD69C /* ExploreView.swift in Sources */ = {isa = PBXBuildFile; fileRef = C03192DB27F3638500DAD69C /* ExploreView.swift */; };
		C03192DE27F363AB00DAD69C /* NotificationView.swift in Sources */ = {isa = PBXBuildFile; fileRef = C03192DD27F363AB00DAD69C /* NotificationView.swift */; };
		C03192E027F363C800DAD69C /* MessageView.swift in Sources */ = {isa = PBXBuildFile; fileRef = C03192DF27F363C800DAD69C /* MessageView.swift */; };
		C03192E427F3662900DAD69C /* ProfileView.swift in Sources */ = {isa = PBXBuildFile; fileRef = C03192E327F3662900DAD69C /* ProfileView.swift */; };
		C03192E627F36DB300DAD69C /* TweetFilterViewModal.swift in Sources */ = {isa = PBXBuildFile; fileRef = C03192E527F36DB300DAD69C /* TweetFilterViewModal.swift */; };
		C03192EB27F3741300DAD69C /* UserRowView.swift in Sources */ = {isa = PBXBuildFile; fileRef = C03192EA27F3741300DAD69C /* UserRowView.swift */; };
		C03192F027F3776E00DAD69C /* SideMenuView.swift in Sources */ = {isa = PBXBuildFile; fileRef = C03192EF27F3776E00DAD69C /* SideMenuView.swift */; };
		C03192F227F3778300DAD69C /* SideMenuRowView.swift in Sources */ = {isa = PBXBuildFile; fileRef = C03192F127F3778300DAD69C /* SideMenuRowView.swift */; };
		C03192F427F3779600DAD69C /* SideMenuViewModal.swift in Sources */ = {isa = PBXBuildFile; fileRef = C03192F327F3779600DAD69C /* SideMenuViewModal.swift */; };
		C03192F627F379C600DAD69C /* UserStatsView.swift in Sources */ = {isa = PBXBuildFile; fileRef = C03192F527F379C600DAD69C /* UserStatsView.swift */; };
		C03192F827F381E000DAD69C /* SideMenuOptionRowView.swift in Sources */ = {isa = PBXBuildFile; fileRef = C03192F727F381E000DAD69C /* SideMenuOptionRowView.swift */; };
		C03192FD27F3877600DAD69C /* NewTweetView.swift in Sources */ = {isa = PBXBuildFile; fileRef = C03192FC27F3877600DAD69C /* NewTweetView.swift */; };
		C03192FF27F3915500DAD69C /* TextArea.swift in Sources */ = {isa = PBXBuildFile; fileRef = C03192FE27F3915500DAD69C /* TextArea.swift */; };
		C031930427F3951700DAD69C /* LoginView.swift in Sources */ = {isa = PBXBuildFile; fileRef = C031930327F3951700DAD69C /* LoginView.swift */; };
		C031930627F3953900DAD69C /* RegistrationView.swift in Sources */ = {isa = PBXBuildFile; fileRef = C031930527F3953900DAD69C /* RegistrationView.swift */; };
		C031930827F396C700DAD69C /* RoundedShape.swift in Sources */ = {isa = PBXBuildFile; fileRef = C031930727F396C700DAD69C /* RoundedShape.swift */; };
		C031930A27F39AD200DAD69C /* CustomInputField.swift in Sources */ = {isa = PBXBuildFile; fileRef = C031930927F39AD200DAD69C /* CustomInputField.swift */; };
		C031930F27F39D3D00DAD69C /* AuthenticationHeaderView.swift in Sources */ = {isa = PBXBuildFile; fileRef = C031930E27F39D3D00DAD69C /* AuthenticationHeaderView.swift */; };
		C031931127F3A1E600DAD69C /* GoogleService-Info.plist in Resources */ = {isa = PBXBuildFile; fileRef = C031931027F3A1E600DAD69C /* GoogleService-Info.plist */; };
		C031931427F3A69D00DAD69C /* FirebaseAuth in Frameworks */ = {isa = PBXBuildFile; productRef = C031931327F3A69D00DAD69C /* FirebaseAuth */; };
		C031931627F3A69D00DAD69C /* FirebaseFirestore in Frameworks */ = {isa = PBXBuildFile; productRef = C031931527F3A69D00DAD69C /* FirebaseFirestore */; };
		C031931827F3A69D00DAD69C /* FirebaseFirestoreSwift-Beta in Frameworks */ = {isa = PBXBuildFile; productRef = C031931727F3A69D00DAD69C /* FirebaseFirestoreSwift-Beta */; };
		C031931A27F3A69D00DAD69C /* FirebaseStorage in Frameworks */ = {isa = PBXBuildFile; productRef = C031931927F3A69D00DAD69C /* FirebaseStorage */; };
		C031931C27F3A81700DAD69C /* AuthViewModel.swift in Sources */ = {isa = PBXBuildFile; fileRef = C031931B27F3A81700DAD69C /* AuthViewModel.swift */; };
		C031931E27F3B96C00DAD69C /* ProfilePhotoSelectorView.swift in Sources */ = {isa = PBXBuildFile; fileRef = C031931D27F3B96C00DAD69C /* ProfilePhotoSelectorView.swift */; };
		C031932127F3C01900DAD69C /* ImagePicker.swift in Sources */ = {isa = PBXBuildFile; fileRef = C031932027F3C01900DAD69C /* ImagePicker.swift */; };
		C031932327F3C74500DAD69C /* ImageUpload.swift in Sources */ = {isa = PBXBuildFile; fileRef = C031932227F3C74500DAD69C /* ImageUpload.swift */; };
		C031932527F3DD1D00DAD69C /* UserService.swift in Sources */ = {isa = PBXBuildFile; fileRef = C031932427F3DD1D00DAD69C /* UserService.swift */; };
		C031932727F3E00F00DAD69C /* User.swift in Sources */ = {isa = PBXBuildFile; fileRef = C031932627F3E00F00DAD69C /* User.swift */; };
		C031932A27F3E4A200DAD69C /* Kingfisher in Frameworks */ = {isa = PBXBuildFile; productRef = C031932927F3E4A200DAD69C /* Kingfisher */; };
		C031932C27F3EC3000DAD69C /* ExploreViewModel.swift in Sources */ = {isa = PBXBuildFile; fileRef = C031932B27F3EC3000DAD69C /* ExploreViewModel.swift */; };
		C031932E27F3F17F00DAD69C /* SearchBar.swift in Sources */ = {isa = PBXBuildFile; fileRef = C031932D27F3F17F00DAD69C /* SearchBar.swift */; };
/* End PBXBuildFile section */

/* Begin PBXFileReference section */
		C03192B227F3369800DAD69C /* TwitterClone.app */ = {isa = PBXFileReference; explicitFileType = wrapper.application; includeInIndex = 0; path = TwitterClone.app; sourceTree = BUILT_PRODUCTS_DIR; };
		C03192B527F3369800DAD69C /* TwitterCloneApp.swift */ = {isa = PBXFileReference; lastKnownFileType = sourcecode.swift; path = TwitterCloneApp.swift; sourceTree = "<group>"; };
		C03192B727F3369800DAD69C /* ContentView.swift */ = {isa = PBXFileReference; lastKnownFileType = sourcecode.swift; path = ContentView.swift; sourceTree = "<group>"; };
		C03192B927F3369A00DAD69C /* Assets.xcassets */ = {isa = PBXFileReference; lastKnownFileType = folder.assetcatalog; path = Assets.xcassets; sourceTree = "<group>"; };
		C03192BC27F3369A00DAD69C /* Preview Assets.xcassets */ = {isa = PBXFileReference; lastKnownFileType = folder.assetcatalog; path = "Preview Assets.xcassets"; sourceTree = "<group>"; };
		C03192CE27F337E200DAD69C /* FeedView.swift */ = {isa = PBXFileReference; lastKnownFileType = sourcecode.swift; path = FeedView.swift; sourceTree = "<group>"; };
		C03192D127F3395700DAD69C /* TweetRowView.swift */ = {isa = PBXFileReference; lastKnownFileType = sourcecode.swift; path = TweetRowView.swift; sourceTree = "<group>"; };
		C03192D427F3623100DAD69C /* MainTabView.swift */ = {isa = PBXFileReference; lastKnownFileType = sourcecode.swift; path = MainTabView.swift; sourceTree = "<group>"; };
		C03192DB27F3638500DAD69C /* ExploreView.swift */ = {isa = PBXFileReference; lastKnownFileType = sourcecode.swift; path = ExploreView.swift; sourceTree = "<group>"; };
		C03192DD27F363AB00DAD69C /* NotificationView.swift */ = {isa = PBXFileReference; lastKnownFileType = sourcecode.swift; path = NotificationView.swift; sourceTree = "<group>"; };
		C03192DF27F363C800DAD69C /* MessageView.swift */ = {isa = PBXFileReference; lastKnownFileType = sourcecode.swift; path = MessageView.swift; sourceTree = "<group>"; };
		C03192E327F3662900DAD69C /* ProfileView.swift */ = {isa = PBXFileReference; lastKnownFileType = sourcecode.swift; path = ProfileView.swift; sourceTree = "<group>"; };
		C03192E527F36DB300DAD69C /* TweetFilterViewModal.swift */ = {isa = PBXFileReference; lastKnownFileType = sourcecode.swift; path = TweetFilterViewModal.swift; sourceTree = "<group>"; };
		C03192EA27F3741300DAD69C /* UserRowView.swift */ = {isa = PBXFileReference; lastKnownFileType = sourcecode.swift; path = UserRowView.swift; sourceTree = "<group>"; };
		C03192EF27F3776E00DAD69C /* SideMenuView.swift */ = {isa = PBXFileReference; lastKnownFileType = sourcecode.swift; path = SideMenuView.swift; sourceTree = "<group>"; };
		C03192F127F3778300DAD69C /* SideMenuRowView.swift */ = {isa = PBXFileReference; lastKnownFileType = sourcecode.swift; path = SideMenuRowView.swift; sourceTree = "<group>"; };
		C03192F327F3779600DAD69C /* SideMenuViewModal.swift */ = {isa = PBXFileReference; lastKnownFileType = sourcecode.swift; path = SideMenuViewModal.swift; sourceTree = "<group>"; };
		C03192F527F379C600DAD69C /* UserStatsView.swift */ = {isa = PBXFileReference; lastKnownFileType = sourcecode.swift; path = UserStatsView.swift; sourceTree = "<group>"; };
		C03192F727F381E000DAD69C /* SideMenuOptionRowView.swift */ = {isa = PBXFileReference; lastKnownFileType = sourcecode.swift; path = SideMenuOptionRowView.swift; sourceTree = "<group>"; };
		C03192FC27F3877600DAD69C /* NewTweetView.swift */ = {isa = PBXFileReference; lastKnownFileType = sourcecode.swift; path = NewTweetView.swift; sourceTree = "<group>"; };
		C03192FE27F3915500DAD69C /* TextArea.swift */ = {isa = PBXFileReference; lastKnownFileType = sourcecode.swift; path = TextArea.swift; sourceTree = "<group>"; };
		C031930327F3951700DAD69C /* LoginView.swift */ = {isa = PBXFileReference; lastKnownFileType = sourcecode.swift; path = LoginView.swift; sourceTree = "<group>"; };
		C031930527F3953900DAD69C /* RegistrationView.swift */ = {isa = PBXFileReference; lastKnownFileType = sourcecode.swift; path = RegistrationView.swift; sourceTree = "<group>"; };
		C031930727F396C700DAD69C /* RoundedShape.swift */ = {isa = PBXFileReference; lastKnownFileType = sourcecode.swift; path = RoundedShape.swift; sourceTree = "<group>"; };
		C031930927F39AD200DAD69C /* CustomInputField.swift */ = {isa = PBXFileReference; lastKnownFileType = sourcecode.swift; path = CustomInputField.swift; sourceTree = "<group>"; };
		C031930E27F39D3D00DAD69C /* AuthenticationHeaderView.swift */ = {isa = PBXFileReference; lastKnownFileType = sourcecode.swift; path = AuthenticationHeaderView.swift; sourceTree = "<group>"; };
		C031931027F3A1E600DAD69C /* GoogleService-Info.plist */ = {isa = PBXFileReference; lastKnownFileType = text.plist; path = "GoogleService-Info.plist"; sourceTree = SOURCE_ROOT; };
		C031931B27F3A81700DAD69C /* AuthViewModel.swift */ = {isa = PBXFileReference; lastKnownFileType = sourcecode.swift; path = AuthViewModel.swift; sourceTree = "<group>"; };
		C031931D27F3B96C00DAD69C /* ProfilePhotoSelectorView.swift */ = {isa = PBXFileReference; lastKnownFileType = sourcecode.swift; path = ProfilePhotoSelectorView.swift; sourceTree = "<group>"; };
		C031932027F3C01900DAD69C /* ImagePicker.swift */ = {isa = PBXFileReference; lastKnownFileType = sourcecode.swift; path = ImagePicker.swift; sourceTree = "<group>"; };
		C031932227F3C74500DAD69C /* ImageUpload.swift */ = {isa = PBXFileReference; lastKnownFileType = sourcecode.swift; path = ImageUpload.swift; sourceTree = "<group>"; };
		C031932427F3DD1D00DAD69C /* UserService.swift */ = {isa = PBXFileReference; lastKnownFileType = sourcecode.swift; path = UserService.swift; sourceTree = "<group>"; };
		C031932627F3E00F00DAD69C /* User.swift */ = {isa = PBXFileReference; lastKnownFileType = sourcecode.swift; path = User.swift; sourceTree = "<group>"; };
		C031932B27F3EC3000DAD69C /* ExploreViewModel.swift */ = {isa = PBXFileReference; lastKnownFileType = sourcecode.swift; path = ExploreViewModel.swift; sourceTree = "<group>"; };
		C031932D27F3F17F00DAD69C /* SearchBar.swift */ = {isa = PBXFileReference; lastKnownFileType = sourcecode.swift; path = SearchBar.swift; sourceTree = "<group>"; };
/* End PBXFileReference section */

/* Begin PBXFrameworksBuildPhase section */
		C03192AF27F3369800DAD69C /* Frameworks */ = {
			isa = PBXFrameworksBuildPhase;
			buildActionMask = 2147483647;
			files = (
				C031931827F3A69D00DAD69C /* FirebaseFirestoreSwift-Beta in Frameworks */,
				C031931A27F3A69D00DAD69C /* FirebaseStorage in Frameworks */,
				C031931427F3A69D00DAD69C /* FirebaseAuth in Frameworks */,
				C031931627F3A69D00DAD69C /* FirebaseFirestore in Frameworks */,
				C031932A27F3E4A200DAD69C /* Kingfisher in Frameworks */,
			);
			runOnlyForDeploymentPostprocessing = 0;
		};
/* End PBXFrameworksBuildPhase section */

/* Begin PBXGroup section */
		C03192A927F3369800DAD69C = {
			isa = PBXGroup;
			children = (
				C03192B427F3369800DAD69C /* TwitterClone */,
				C03192B327F3369800DAD69C /* Products */,
			);
			sourceTree = "<group>";
		};
		C03192B327F3369800DAD69C /* Products */ = {
			isa = PBXGroup;
			children = (
				C03192B227F3369800DAD69C /* TwitterClone.app */,
			);
			name = Products;
			sourceTree = "<group>";
		};
		C03192B427F3369800DAD69C /* TwitterClone */ = {
			isa = PBXGroup;
			children = (
				C031931F27F3C00100DAD69C /* Utils */,
				C03192C727F336DA00DAD69C /* Extensions */,
				C03192C627F336D900DAD69C /* Modal */,
				C03192C527F336D500DAD69C /* Service */,
				C03192C427F336D300DAD69C /* Core */,
				C03192B527F3369800DAD69C /* TwitterCloneApp.swift */,
				C03192B727F3369800DAD69C /* ContentView.swift */,
				C03192B927F3369A00DAD69C /* Assets.xcassets */,
				C031931027F3A1E600DAD69C /* GoogleService-Info.plist */,
				C03192BB27F3369A00DAD69C /* Preview Content */,
			);
			path = TwitterClone;
			sourceTree = "<group>";
		};
		C03192BB27F3369A00DAD69C /* Preview Content */ = {
			isa = PBXGroup;
			children = (
				C03192BC27F3369A00DAD69C /* Preview Assets.xcassets */,
			);
			path = "Preview Content";
			sourceTree = "<group>";
		};
		C03192C427F336D300DAD69C /* Core */ = {
			isa = PBXGroup;
			children = (
				C031930027F394DA00DAD69C /* Authentication */,
				C03192F927F3875400DAD69C /* UploadTweet */,
				C03192CB27F3378100DAD69C /* Component */,
				C03192EC27F3773A00DAD69C /* SideMenu */,
				C03192D927F3636100DAD69C /* Profile */,
				C03192D827F3631D00DAD69C /* Explore */,
				C03192D727F3631B00DAD69C /* Notifications */,
				C03192D627F3630D00DAD69C /* Messsages */,
				C03192D327F3621A00DAD69C /* MainTab */,
				C03192CA27F3377900DAD69C /* Feed */,
			);
			path = Core;
			sourceTree = "<group>";
		};
		C03192C527F336D500DAD69C /* Service */ = {
			isa = PBXGroup;
			children = (
				C031932227F3C74500DAD69C /* ImageUpload.swift */,
				C031932427F3DD1D00DAD69C /* UserService.swift */,
			);
			path = Service;
			sourceTree = "<group>";
		};
		C03192C627F336D900DAD69C /* Modal */ = {
			isa = PBXGroup;
			children = (
				C031932627F3E00F00DAD69C /* User.swift */,
			);
			path = Modal;
			sourceTree = "<group>";
		};
		C03192C727F336DA00DAD69C /* Extensions */ = {
			isa = PBXGroup;
			children = (
			);
			path = Extensions;
			sourceTree = "<group>";
		};
		C03192CA27F3377900DAD69C /* Feed */ = {
			isa = PBXGroup;
			children = (
				C03192CD27F337B900DAD69C /* ViewModals */,
				C03192CC27F337B700DAD69C /* View */,
			);
			path = Feed;
			sourceTree = "<group>";
		};
		C03192CB27F3378100DAD69C /* Component */ = {
			isa = PBXGroup;
			children = (
				C031930B27F39D0100DAD69C /* Authentication */,
				C03192E927F373F200DAD69C /* Users */,
				C03192D027F3390A00DAD69C /* Tweets */,
				C03192FE27F3915500DAD69C /* TextArea.swift */,
				C031930727F396C700DAD69C /* RoundedShape.swift */,
				C031930927F39AD200DAD69C /* CustomInputField.swift */,
				C031932D27F3F17F00DAD69C /* SearchBar.swift */,
			);
			path = Component;
			sourceTree = "<group>";
		};
		C03192CC27F337B700DAD69C /* View */ = {
			isa = PBXGroup;
			children = (
				C03192CE27F337E200DAD69C /* FeedView.swift */,
			);
			path = View;
			sourceTree = "<group>";
		};
		C03192CD27F337B900DAD69C /* ViewModals */ = {
			isa = PBXGroup;
			children = (
			);
			path = ViewModals;
			sourceTree = "<group>";
		};
		C03192D027F3390A00DAD69C /* Tweets */ = {
			isa = PBXGroup;
			children = (
				C03192D127F3395700DAD69C /* TweetRowView.swift */,
			);
			path = Tweets;
			sourceTree = "<group>";
		};
		C03192D327F3621A00DAD69C /* MainTab */ = {
			isa = PBXGroup;
			children = (
				C03192D427F3623100DAD69C /* MainTabView.swift */,
			);
			path = MainTab;
			sourceTree = "<group>";
		};
		C03192D627F3630D00DAD69C /* Messsages */ = {
			isa = PBXGroup;
			children = (
				C03192DF27F363C800DAD69C /* MessageView.swift */,
			);
			path = Messsages;
			sourceTree = "<group>";
		};
		C03192D727F3631B00DAD69C /* Notifications */ = {
			isa = PBXGroup;
			children = (
				C03192DD27F363AB00DAD69C /* NotificationView.swift */,
			);
			path = Notifications;
			sourceTree = "<group>";
		};
		C03192D827F3631D00DAD69C /* Explore */ = {
			isa = PBXGroup;
			children = (
				C03192E827F373CB00DAD69C /* ViewModal */,
				C03192E727F373C300DAD69C /* Views */,
			);
			path = Explore;
			sourceTree = "<group>";
		};
		C03192D927F3636100DAD69C /* Profile */ = {
			isa = PBXGroup;
			children = (
				C03192E227F3661400DAD69C /* ViewModal */,
				C03192E127F3660A00DAD69C /* View */,
			);
			path = Profile;
			sourceTree = "<group>";
		};
		C03192E127F3660A00DAD69C /* View */ = {
			isa = PBXGroup;
			children = (
				C03192E327F3662900DAD69C /* ProfileView.swift */,
			);
			path = View;
			sourceTree = "<group>";
		};
		C03192E227F3661400DAD69C /* ViewModal */ = {
			isa = PBXGroup;
			children = (
				C03192E527F36DB300DAD69C /* TweetFilterViewModal.swift */,
			);
			path = ViewModal;
			sourceTree = "<group>";
		};
		C03192E727F373C300DAD69C /* Views */ = {
			isa = PBXGroup;
			children = (
				C03192DB27F3638500DAD69C /* ExploreView.swift */,
			);
			path = Views;
			sourceTree = "<group>";
		};
		C03192E827F373CB00DAD69C /* ViewModal */ = {
			isa = PBXGroup;
			children = (
				C031932B27F3EC3000DAD69C /* ExploreViewModel.swift */,
			);
			path = ViewModal;
			sourceTree = "<group>";
		};
		C03192E927F373F200DAD69C /* Users */ = {
			isa = PBXGroup;
			children = (
				C03192EA27F3741300DAD69C /* UserRowView.swift */,
				C03192F527F379C600DAD69C /* UserStatsView.swift */,
			);
			path = Users;
			sourceTree = "<group>";
		};
		C03192EC27F3773A00DAD69C /* SideMenu */ = {
			isa = PBXGroup;
			children = (
				C03192EE27F3775A00DAD69C /* ViewModal */,
				C03192ED27F3775600DAD69C /* View */,
			);
			path = SideMenu;
			sourceTree = "<group>";
		};
		C03192ED27F3775600DAD69C /* View */ = {
			isa = PBXGroup;
			children = (
				C03192EF27F3776E00DAD69C /* SideMenuView.swift */,
				C03192F127F3778300DAD69C /* SideMenuRowView.swift */,
				C03192F727F381E000DAD69C /* SideMenuOptionRowView.swift */,
			);
			path = View;
			sourceTree = "<group>";
		};
		C03192EE27F3775A00DAD69C /* ViewModal */ = {
			isa = PBXGroup;
			children = (
				C03192F327F3779600DAD69C /* SideMenuViewModal.swift */,
			);
			path = ViewModal;
			sourceTree = "<group>";
		};
		C03192F927F3875400DAD69C /* UploadTweet */ = {
			isa = PBXGroup;
			children = (
				C03192FB27F3876800DAD69C /* View */,
				C03192FA27F3876000DAD69C /* ViewModal */,
			);
			path = UploadTweet;
			sourceTree = "<group>";
		};
		C03192FA27F3876000DAD69C /* ViewModal */ = {
			isa = PBXGroup;
			children = (
			);
			path = ViewModal;
			sourceTree = "<group>";
		};
		C03192FB27F3876800DAD69C /* View */ = {
			isa = PBXGroup;
			children = (
				C03192FC27F3877600DAD69C /* NewTweetView.swift */,
			);
			path = View;
			sourceTree = "<group>";
		};
		C031930027F394DA00DAD69C /* Authentication */ = {
			isa = PBXGroup;
			children = (
				C031930227F394F100DAD69C /* ViewModal */,
				C031930127F394EC00DAD69C /* View */,
			);
			path = Authentication;
			sourceTree = "<group>";
		};
		C031930127F394EC00DAD69C /* View */ = {
			isa = PBXGroup;
			children = (
				C031930327F3951700DAD69C /* LoginView.swift */,
				C031930527F3953900DAD69C /* RegistrationView.swift */,
				C031931D27F3B96C00DAD69C /* ProfilePhotoSelectorView.swift */,
			);
			name = View;
			sourceTree = "<group>";
		};
		C031930227F394F100DAD69C /* ViewModal */ = {
			isa = PBXGroup;
			children = (
				C031931B27F3A81700DAD69C /* AuthViewModel.swift */,
			);
			name = ViewModal;
			sourceTree = "<group>";
		};
		C031930B27F39D0100DAD69C /* Authentication */ = {
			isa = PBXGroup;
			children = (
				C031930E27F39D3D00DAD69C /* AuthenticationHeaderView.swift */,
			);
			path = Authentication;
			sourceTree = "<group>";
		};
		C031931F27F3C00100DAD69C /* Utils */ = {
			isa = PBXGroup;
			children = (
				C031932027F3C01900DAD69C /* ImagePicker.swift */,
			);
			path = Utils;
			sourceTree = "<group>";
		};
/* End PBXGroup section */

/* Begin PBXNativeTarget section */
		C03192B127F3369800DAD69C /* TwitterClone */ = {
			isa = PBXNativeTarget;
			buildConfigurationList = C03192C027F3369A00DAD69C /* Build configuration list for PBXNativeTarget "TwitterClone" */;
			buildPhases = (
				C03192AE27F3369800DAD69C /* Sources */,
				C03192AF27F3369800DAD69C /* Frameworks */,
				C03192B027F3369800DAD69C /* Resources */,
			);
			buildRules = (
			);
			dependencies = (
			);
			name = TwitterClone;
			packageProductDependencies = (
				C031931327F3A69D00DAD69C /* FirebaseAuth */,
				C031931527F3A69D00DAD69C /* FirebaseFirestore */,
				C031931727F3A69D00DAD69C /* FirebaseFirestoreSwift-Beta */,
				C031931927F3A69D00DAD69C /* FirebaseStorage */,
				C031932927F3E4A200DAD69C /* Kingfisher */,
			);
			productName = TwitterClone;
			productReference = C03192B227F3369800DAD69C /* TwitterClone.app */;
			productType = "com.apple.product-type.application";
		};
/* End PBXNativeTarget section */

/* Begin PBXProject section */
		C03192AA27F3369800DAD69C /* Project object */ = {
			isa = PBXProject;
			attributes = {
				BuildIndependentTargetsInParallel = 1;
				LastSwiftUpdateCheck = 1330;
				LastUpgradeCheck = 1330;
				TargetAttributes = {
					C03192B127F3369800DAD69C = {
						CreatedOnToolsVersion = 13.3;
					};
				};
			};
			buildConfigurationList = C03192AD27F3369800DAD69C /* Build configuration list for PBXProject "TwitterClone" */;
			compatibilityVersion = "Xcode 13.0";
			developmentRegion = en;
			hasScannedForEncodings = 0;
			knownRegions = (
				en,
				Base,
			);
			mainGroup = C03192A927F3369800DAD69C;
			packageReferences = (
				C031931227F3A69D00DAD69C /* XCRemoteSwiftPackageReference "firebase-ios-sdk" */,
				C031932827F3E4A200DAD69C /* XCRemoteSwiftPackageReference "Kingfisher" */,
			);
			productRefGroup = C03192B327F3369800DAD69C /* Products */;
			projectDirPath = "";
			projectRoot = "";
			targets = (
				C03192B127F3369800DAD69C /* TwitterClone */,
			);
		};
/* End PBXProject section */

/* Begin PBXResourcesBuildPhase section */
		C03192B027F3369800DAD69C /* Resources */ = {
			isa = PBXResourcesBuildPhase;
			buildActionMask = 2147483647;
			files = (
				C03192BD27F3369A00DAD69C /* Preview Assets.xcassets in Resources */,
				C03192BA27F3369A00DAD69C /* Assets.xcassets in Resources */,
				C031931127F3A1E600DAD69C /* GoogleService-Info.plist in Resources */,
			);
			runOnlyForDeploymentPostprocessing = 0;
		};
/* End PBXResourcesBuildPhase section */

/* Begin PBXSourcesBuildPhase section */
		C03192AE27F3369800DAD69C /* Sources */ = {
			isa = PBXSourcesBuildPhase;
			buildActionMask = 2147483647;
			files = (
				C031932527F3DD1D00DAD69C /* UserService.swift in Sources */,
				C031931C27F3A81700DAD69C /* AuthViewModel.swift in Sources */,
				C03192B827F3369800DAD69C /* ContentView.swift in Sources */,
				C03192E427F3662900DAD69C /* ProfileView.swift in Sources */,
				C03192D227F3395700DAD69C /* TweetRowView.swift in Sources */,
				C031932327F3C74500DAD69C /* ImageUpload.swift in Sources */,
				C031932E27F3F17F00DAD69C /* SearchBar.swift in Sources */,
				C031932C27F3EC3000DAD69C /* ExploreViewModel.swift in Sources */,
				C03192F227F3778300DAD69C /* SideMenuRowView.swift in Sources */,
				C031930F27F39D3D00DAD69C /* AuthenticationHeaderView.swift in Sources */,
				C031932727F3E00F00DAD69C /* User.swift in Sources */,
				C03192DE27F363AB00DAD69C /* NotificationView.swift in Sources */,
				C03192CF27F337E200DAD69C /* FeedView.swift in Sources */,
				C031930A27F39AD200DAD69C /* CustomInputField.swift in Sources */,
				C03192E027F363C800DAD69C /* MessageView.swift in Sources */,
				C03192FF27F3915500DAD69C /* TextArea.swift in Sources */,
				C03192F027F3776E00DAD69C /* SideMenuView.swift in Sources */,
				C03192F427F3779600DAD69C /* SideMenuViewModal.swift in Sources */,
				C031932127F3C01900DAD69C /* ImagePicker.swift in Sources */,
				C03192FD27F3877600DAD69C /* NewTweetView.swift in Sources */,
				C031931E27F3B96C00DAD69C /* ProfilePhotoSelectorView.swift in Sources */,
				C03192B627F3369800DAD69C /* TwitterCloneApp.swift in Sources */,
				C03192DC27F3638500DAD69C /* ExploreView.swift in Sources */,
				C03192EB27F3741300DAD69C /* UserRowView.swift in Sources */,
				C031930827F396C700DAD69C /* RoundedShape.swift in Sources */,
				C03192F827F381E000DAD69C /* SideMenuOptionRowView.swift in Sources */,
				C03192E627F36DB300DAD69C /* TweetFilterViewModal.swift in Sources */,
				C031930427F3951700DAD69C /* LoginView.swift in Sources */,
				C03192D527F3623100DAD69C /* MainTabView.swift in Sources */,
				C03192F627F379C600DAD69C /* UserStatsView.swift in Sources */,
				C031930627F3953900DAD69C /* RegistrationView.swift in Sources */,
			);
			runOnlyForDeploymentPostprocessing = 0;
		};
/* End PBXSourcesBuildPhase section */

/* Begin XCBuildConfiguration section */
		C03192BE27F3369A00DAD69C /* Debug */ = {
			isa = XCBuildConfiguration;
			buildSettings = {
				ALWAYS_SEARCH_USER_PATHS = NO;
				CLANG_ANALYZER_NONNULL = YES;
				CLANG_ANALYZER_NUMBER_OBJECT_CONVERSION = YES_AGGRESSIVE;
				CLANG_CXX_LANGUAGE_STANDARD = "gnu++17";
				CLANG_ENABLE_MODULES = YES;
				CLANG_ENABLE_OBJC_ARC = YES;
				CLANG_ENABLE_OBJC_WEAK = YES;
				CLANG_WARN_BLOCK_CAPTURE_AUTORELEASING = YES;
				CLANG_WARN_BOOL_CONVERSION = YES;
				CLANG_WARN_COMMA = YES;
				CLANG_WARN_CONSTANT_CONVERSION = YES;
				CLANG_WARN_DEPRECATED_OBJC_IMPLEMENTATIONS = YES;
				CLANG_WARN_DIRECT_OBJC_ISA_USAGE = YES_ERROR;
				CLANG_WARN_DOCUMENTATION_COMMENTS = YES;
				CLANG_WARN_EMPTY_BODY = YES;
				CLANG_WARN_ENUM_CONVERSION = YES;
				CLANG_WARN_INFINITE_RECURSION = YES;
				CLANG_WARN_INT_CONVERSION = YES;
				CLANG_WARN_NON_LITERAL_NULL_CONVERSION = YES;
				CLANG_WARN_OBJC_IMPLICIT_RETAIN_SELF = YES;
				CLANG_WARN_OBJC_LITERAL_CONVERSION = YES;
				CLANG_WARN_OBJC_ROOT_CLASS = YES_ERROR;
				CLANG_WARN_QUOTED_INCLUDE_IN_FRAMEWORK_HEADER = YES;
				CLANG_WARN_RANGE_LOOP_ANALYSIS = YES;
				CLANG_WARN_STRICT_PROTOTYPES = YES;
				CLANG_WARN_SUSPICIOUS_MOVE = YES;
				CLANG_WARN_UNGUARDED_AVAILABILITY = YES_AGGRESSIVE;
				CLANG_WARN_UNREACHABLE_CODE = YES;
				CLANG_WARN__DUPLICATE_METHOD_MATCH = YES;
				COPY_PHASE_STRIP = NO;
				DEBUG_INFORMATION_FORMAT = dwarf;
				ENABLE_STRICT_OBJC_MSGSEND = YES;
				ENABLE_TESTABILITY = YES;
				GCC_C_LANGUAGE_STANDARD = gnu11;
				GCC_DYNAMIC_NO_PIC = NO;
				GCC_NO_COMMON_BLOCKS = YES;
				GCC_OPTIMIZATION_LEVEL = 0;
				GCC_PREPROCESSOR_DEFINITIONS = (
					"DEBUG=1",
					"$(inherited)",
				);
				GCC_WARN_64_TO_32_BIT_CONVERSION = YES;
				GCC_WARN_ABOUT_RETURN_TYPE = YES_ERROR;
				GCC_WARN_UNDECLARED_SELECTOR = YES;
				GCC_WARN_UNINITIALIZED_AUTOS = YES_AGGRESSIVE;
				GCC_WARN_UNUSED_FUNCTION = YES;
				GCC_WARN_UNUSED_VARIABLE = YES;
				IPHONEOS_DEPLOYMENT_TARGET = 15.4;
				MTL_ENABLE_DEBUG_INFO = INCLUDE_SOURCE;
				MTL_FAST_MATH = YES;
				ONLY_ACTIVE_ARCH = YES;
				SDKROOT = iphoneos;
				SWIFT_ACTIVE_COMPILATION_CONDITIONS = DEBUG;
				SWIFT_OPTIMIZATION_LEVEL = "-Onone";
			};
			name = Debug;
		};
		C03192BF27F3369A00DAD69C /* Release */ = {
			isa = XCBuildConfiguration;
			buildSettings = {
				ALWAYS_SEARCH_USER_PATHS = NO;
				CLANG_ANALYZER_NONNULL = YES;
				CLANG_ANALYZER_NUMBER_OBJECT_CONVERSION = YES_AGGRESSIVE;
				CLANG_CXX_LANGUAGE_STANDARD = "gnu++17";
				CLANG_ENABLE_MODULES = YES;
				CLANG_ENABLE_OBJC_ARC = YES;
				CLANG_ENABLE_OBJC_WEAK = YES;
				CLANG_WARN_BLOCK_CAPTURE_AUTORELEASING = YES;
				CLANG_WARN_BOOL_CONVERSION = YES;
				CLANG_WARN_COMMA = YES;
				CLANG_WARN_CONSTANT_CONVERSION = YES;
				CLANG_WARN_DEPRECATED_OBJC_IMPLEMENTATIONS = YES;
				CLANG_WARN_DIRECT_OBJC_ISA_USAGE = YES_ERROR;
				CLANG_WARN_DOCUMENTATION_COMMENTS = YES;
				CLANG_WARN_EMPTY_BODY = YES;
				CLANG_WARN_ENUM_CONVERSION = YES;
				CLANG_WARN_INFINITE_RECURSION = YES;
				CLANG_WARN_INT_CONVERSION = YES;
				CLANG_WARN_NON_LITERAL_NULL_CONVERSION = YES;
				CLANG_WARN_OBJC_IMPLICIT_RETAIN_SELF = YES;
				CLANG_WARN_OBJC_LITERAL_CONVERSION = YES;
				CLANG_WARN_OBJC_ROOT_CLASS = YES_ERROR;
				CLANG_WARN_QUOTED_INCLUDE_IN_FRAMEWORK_HEADER = YES;
				CLANG_WARN_RANGE_LOOP_ANALYSIS = YES;
				CLANG_WARN_STRICT_PROTOTYPES = YES;
				CLANG_WARN_SUSPICIOUS_MOVE = YES;
				CLANG_WARN_UNGUARDED_AVAILABILITY = YES_AGGRESSIVE;
				CLANG_WARN_UNREACHABLE_CODE = YES;
				CLANG_WARN__DUPLICATE_METHOD_MATCH = YES;
				COPY_PHASE_STRIP = NO;
				DEBUG_INFORMATION_FORMAT = "dwarf-with-dsym";
				ENABLE_NS_ASSERTIONS = NO;
				ENABLE_STRICT_OBJC_MSGSEND = YES;
				GCC_C_LANGUAGE_STANDARD = gnu11;
				GCC_NO_COMMON_BLOCKS = YES;
				GCC_WARN_64_TO_32_BIT_CONVERSION = YES;
				GCC_WARN_ABOUT_RETURN_TYPE = YES_ERROR;
				GCC_WARN_UNDECLARED_SELECTOR = YES;
				GCC_WARN_UNINITIALIZED_AUTOS = YES_AGGRESSIVE;
				GCC_WARN_UNUSED_FUNCTION = YES;
				GCC_WARN_UNUSED_VARIABLE = YES;
				IPHONEOS_DEPLOYMENT_TARGET = 15.4;
				MTL_ENABLE_DEBUG_INFO = NO;
				MTL_FAST_MATH = YES;
				SDKROOT = iphoneos;
				SWIFT_COMPILATION_MODE = wholemodule;
				SWIFT_OPTIMIZATION_LEVEL = "-O";
				VALIDATE_PRODUCT = YES;
			};
			name = Release;
		};
		C03192C127F3369A00DAD69C /* Debug */ = {
			isa = XCBuildConfiguration;
			buildSettings = {
				ASSETCATALOG_COMPILER_APPICON_NAME = AppIcon;
				ASSETCATALOG_COMPILER_GLOBAL_ACCENT_COLOR_NAME = AccentColor;
				CODE_SIGN_STYLE = Automatic;
				CURRENT_PROJECT_VERSION = 1;
				DEVELOPMENT_ASSET_PATHS = "\"TwitterClone/Preview Content\"";
				ENABLE_PREVIEWS = YES;
				GENERATE_INFOPLIST_FILE = YES;
				INFOPLIST_KEY_UIApplicationSceneManifest_Generation = YES;
				INFOPLIST_KEY_UIApplicationSupportsIndirectInputEvents = YES;
				INFOPLIST_KEY_UILaunchScreen_Generation = YES;
				INFOPLIST_KEY_UISupportedInterfaceOrientations_iPad = "UIInterfaceOrientationPortrait UIInterfaceOrientationPortraitUpsideDown UIInterfaceOrientationLandscapeLeft UIInterfaceOrientationLandscapeRight";
				INFOPLIST_KEY_UISupportedInterfaceOrientations_iPhone = "UIInterfaceOrientationPortrait UIInterfaceOrientationLandscapeLeft UIInterfaceOrientationLandscapeRight";
				LD_RUNPATH_SEARCH_PATHS = (
					"$(inherited)",
					"@executable_path/Frameworks",
				);
				MARKETING_VERSION = 1.0;
				PRODUCT_BUNDLE_IDENTIFIER = com.berk.TwitterClone;
				PRODUCT_NAME = "$(TARGET_NAME)";
				SWIFT_EMIT_LOC_STRINGS = YES;
				SWIFT_VERSION = 5.0;
				TARGETED_DEVICE_FAMILY = "1,2";
			};
			name = Debug;
		};
		C03192C227F3369A00DAD69C /* Release */ = {
			isa = XCBuildConfiguration;
			buildSettings = {
				ASSETCATALOG_COMPILER_APPICON_NAME = AppIcon;
				ASSETCATALOG_COMPILER_GLOBAL_ACCENT_COLOR_NAME = AccentColor;
				CODE_SIGN_STYLE = Automatic;
				CURRENT_PROJECT_VERSION = 1;
				DEVELOPMENT_ASSET_PATHS = "\"TwitterClone/Preview Content\"";
				ENABLE_PREVIEWS = YES;
				GENERATE_INFOPLIST_FILE = YES;
				INFOPLIST_KEY_UIApplicationSceneManifest_Generation = YES;
				INFOPLIST_KEY_UIApplicationSupportsIndirectInputEvents = YES;
				INFOPLIST_KEY_UILaunchScreen_Generation = YES;
				INFOPLIST_KEY_UISupportedInterfaceOrientations_iPad = "UIInterfaceOrientationPortrait UIInterfaceOrientationPortraitUpsideDown UIInterfaceOrientationLandscapeLeft UIInterfaceOrientationLandscapeRight";
				INFOPLIST_KEY_UISupportedInterfaceOrientations_iPhone = "UIInterfaceOrientationPortrait UIInterfaceOrientationLandscapeLeft UIInterfaceOrientationLandscapeRight";
				LD_RUNPATH_SEARCH_PATHS = (
					"$(inherited)",
					"@executable_path/Frameworks",
				);
				MARKETING_VERSION = 1.0;
				PRODUCT_BUNDLE_IDENTIFIER = com.berk.TwitterClone;
				PRODUCT_NAME = "$(TARGET_NAME)";
				SWIFT_EMIT_LOC_STRINGS = YES;
				SWIFT_VERSION = 5.0;
				TARGETED_DEVICE_FAMILY = "1,2";
			};
			name = Release;
		};
/* End XCBuildConfiguration section */

/* Begin XCConfigurationList section */
		C03192AD27F3369800DAD69C /* Build configuration list for PBXProject "TwitterClone" */ = {
			isa = XCConfigurationList;
			buildConfigurations = (
				C03192BE27F3369A00DAD69C /* Debug */,
				C03192BF27F3369A00DAD69C /* Release */,
			);
			defaultConfigurationIsVisible = 0;
			defaultConfigurationName = Release;
		};
		C03192C027F3369A00DAD69C /* Build configuration list for PBXNativeTarget "TwitterClone" */ = {
			isa = XCConfigurationList;
			buildConfigurations = (
				C03192C127F3369A00DAD69C /* Debug */,
				C03192C227F3369A00DAD69C /* Release */,
			);
			defaultConfigurationIsVisible = 0;
			defaultConfigurationName = Release;
		};
/* End XCConfigurationList section */

/* Begin XCRemoteSwiftPackageReference section */
		C031931227F3A69D00DAD69C /* XCRemoteSwiftPackageReference "firebase-ios-sdk" */ = {
			isa = XCRemoteSwiftPackageReference;
			repositoryURL = "https://github.com/firebase/firebase-ios-sdk";
			requirement = {
				kind = upToNextMajorVersion;
				minimumVersion = 8.0.0;
			};
		};
		C031932827F3E4A200DAD69C /* XCRemoteSwiftPackageReference "Kingfisher" */ = {
			isa = XCRemoteSwiftPackageReference;
			repositoryURL = "https://github.com/onevcat/Kingfisher.git";
			requirement = {
				kind = upToNextMajorVersion;
				minimumVersion = 7.0.0;
			};
		};
/* End XCRemoteSwiftPackageReference section */

/* Begin XCSwiftPackageProductDependency section */
		C031931327F3A69D00DAD69C /* FirebaseAuth */ = {
			isa = XCSwiftPackageProductDependency;
			package = C031931227F3A69D00DAD69C /* XCRemoteSwiftPackageReference "firebase-ios-sdk" */;
			productName = FirebaseAuth;
		};
		C031931527F3A69D00DAD69C /* FirebaseFirestore */ = {
			isa = XCSwiftPackageProductDependency;
			package = C031931227F3A69D00DAD69C /* XCRemoteSwiftPackageReference "firebase-ios-sdk" */;
			productName = FirebaseFirestore;
		};
		C031931727F3A69D00DAD69C /* FirebaseFirestoreSwift-Beta */ = {
			isa = XCSwiftPackageProductDependency;
			package = C031931227F3A69D00DAD69C /* XCRemoteSwiftPackageReference "firebase-ios-sdk" */;
			productName = "FirebaseFirestoreSwift-Beta";
		};
		C031931927F3A69D00DAD69C /* FirebaseStorage */ = {
			isa = XCSwiftPackageProductDependency;
			package = C031931227F3A69D00DAD69C /* XCRemoteSwiftPackageReference "firebase-ios-sdk" */;
			productName = FirebaseStorage;
		};
		C031932927F3E4A200DAD69C /* Kingfisher */ = {
			isa = XCSwiftPackageProductDependency;
			package = C031932827F3E4A200DAD69C /* XCRemoteSwiftPackageReference "Kingfisher" */;
			productName = Kingfisher;
		};
/* End XCSwiftPackageProductDependency section */
	};
	rootObject = C03192AA27F3369800DAD69C /* Project object */;
}
